{
  "name": "local-tools",
  "version": "1.0.0",
  "lockfileVersion": 2,
  "requires": true,
  "packages": {
    "": {
      "name": "local-tools",
      "version": "1.0.0",
      "license": "MIT",
      "dependencies": {
        "ini": "^2.0.0",
        "node-watch": "^0.7.3",
        "nodejs-websocket": "^1.7.2",
        "vm2": "^3.9.9"
      }
    },
    "node_modules/acorn": {
      "version": "8.7.0",
      "resolved": "https://registry.npmmirror.com/acorn/-/acorn-8.7.0.tgz",
      "integrity": "sha512-V/LGr1APy+PXIwKebEWrkZPwoeoF+w1jiOBUmuxuiUIaOHtob8Qc9BTrYo7VuI5fR8tqsy+buA2WFooR5olqvQ==",
      "bin": {
        "acorn": "bin/acorn"
      },
      "engines": {
        "node": ">=0.4.0"
      }
    },
    "node_modules/acorn-walk": {
      "version": "8.2.0",
      "resolved": "https://registry.npmmirror.com/acorn-walk/-/acorn-walk-8.2.0.tgz",
      "integrity": "sha512-k+iyHEuPgSw6SbuDpGQM+06HQUa04DZ3o+F6CSzXMvvI5KMvnaEqXe+YVe555R9nn6GPt404fos4wcgpw12SDA==",
      "engines": {
        "node": ">=0.4.0"
      }
    },
    "node_modules/ini": {
      "version": "2.0.0",
      "resolved": "https://registry.npmmirror.com/ini/-/ini-2.0.0.tgz",
      "integrity": "sha512-7PnF4oN3CvZF23ADhA5wRaYEQpJ8qygSkbtTXWBeXWXmEVRXK+1ITciHWwHhsjv1TmW0MgacIv6hEi5pX5NQdA==",
      "engines": {
        "node": ">=10"
      }
    },
    "node_modules/node-watch": {
      "version": "0.7.3",
      "resolved": "https://registry.npmmirror.com/node-watch/-/node-watch-0.7.3.tgz",
      "integrity": "sha512-3l4E8uMPY1HdMMryPRUAl+oIHtXtyiTlIiESNSVSNxcPfzAFzeTbXFQkZfAwBbo0B1qMSG8nUABx+Gd+YrbKrQ==",
      "engines": {
        "node": ">=6"
      }
    },
    "node_modules/nodejs-websocket": {
      "version": "1.7.2",
      "resolved": "https://registry.npmmirror.com/nodejs-websocket/-/nodejs-websocket-1.7.2.tgz",
      "integrity": "sha512-PFX6ypJcCNDs7obRellR0DGTebfUhw1SXGKe2zpB+Ng1DQJhdzbzx1ob+AvJCLzy2TJF4r8cCDqMQqei1CZdPQ==",
      "engines": {
        "node": ">=4"
      }
    },
    "node_modules/vm2": {
      "version": "3.9.9",
      "resolved": "https://registry.npmmirror.com/vm2/-/vm2-3.9.9.tgz",
      "integrity": "sha512-xwTm7NLh/uOjARRBs8/95H0e8fT3Ukw5D/JJWhxMbhKzNh1Nu981jQKvkep9iKYNxzlVrdzD0mlBGkDKZWprlw==",
      "dependencies": {
        "acorn": "^8.7.0",
        "acorn-walk": "^8.2.0"
      },
      "bin": {
        "vm2": "bin/vm2"
      },
      "engines": {
        "node": ">=6.0"
      }
    }
  },
  "dependencies": {
    "acorn": {
      "version": "8.7.0",
      "resolved": "https://registry.npmmirror.com/acorn/-/acorn-8.7.0.tgz",
      "integrity": "sha512-V/LGr1APy+PXIwKebEWrkZPwoeoF+w1jiOBUmuxuiUIaOHtob8Qc9BTrYo7VuI5fR8tqsy+buA2WFooR5olqvQ=="
    },
    "acorn-walk": {
      "version": "8.2.0",
      "resolved": "https://registry.npmmirror.com/acorn-walk/-/acorn-walk-8.2.0.tgz",
      "integrity": "sha512-k+iyHEuPgSw6SbuDpGQM+06HQUa04DZ3o+F6CSzXMvvI5KMvnaEqXe+YVe555R9nn6GPt404fos4wcgpw12SDA=="
    },
    "ini": {
      "version": "2.0.0",
      "resolved": "https://registry.npmmirror.com/ini/-/ini-2.0.0.tgz",
      "integrity": "sha512-7PnF4oN3CvZF23ADhA5wRaYEQpJ8qygSkbtTXWBeXWXmEVRXK+1ITciHWwHhsjv1TmW0MgacIv6hEi5pX5NQdA=="
    },
    "node-watch": {
      "version": "0.7.3",
      "resolved": "https://registry.npmmirror.com/node-watch/-/node-watch-0.7.3.tgz",
      "integrity": "sha512-3l4E8uMPY1HdMMryPRUAl+oIHtXtyiTlIiESNSVSNxcPfzAFzeTbXFQkZfAwBbo0B1qMSG8nUABx+Gd+YrbKrQ=="
    },
    "nodejs-websocket": {
      "version": "1.7.2",
      "resolved": "https://registry.npmmirror.com/nodejs-websocket/-/nodejs-websocket-1.7.2.tgz",
      "integrity": "sha512-PFX6ypJcCNDs7obRellR0DGTebfUhw1SXGKe2zpB+Ng1DQJhdzbzx1ob+AvJCLzy2TJF4r8cCDqMQqei1CZdPQ=="
    },
    "vm2": {
      "version": "3.9.9",
      "resolved": "https://registry.npmmirror.com/vm2/-/vm2-3.9.9.tgz",
      "integrity": "sha512-xwTm7NLh/uOjARRBs8/95H0e8fT3Ukw5D/JJWhxMbhKzNh1Nu981jQKvkep9iKYNxzlVrdzD0mlBGkDKZWprlw==",
      "requires": {
        "acorn": "^8.7.0",
        "acorn-walk": "^8.2.0"
      }
    }
  }
}
